<?xml version="1.0" encoding="utf-8"?>
<Project ToolsVersion="4.0" xmlns="http://schemas.microsoft.com/developer/msbuild/2003">
  <ItemGroup>
    <ClCompile Include="Source.cpp" />
    <ClCompile Include="GameConfig.cpp" />
    <ClCompile Include="Renderer.cpp" />
    <ClCompile Include="DriverD3D.cpp" />
    <ClCompile Include="DriverVk.cpp" />
  </ItemGroup>
  <ItemGroup>
    <ClInclude Include="GameConfig.hpp" />
    <ClInclude Include="Renderer.hpp" />
    <ClInclude Include="DriverD3D.hpp" />
    <ClInclude Include="DriverVk.hpp" />
    <ClInclude Include="AbstractDriver.hpp" />
  </ItemGroup>
</Project>