<?xml version="1.0" encoding="utf-8"?>
<Project ToolsVersion="4.0" xmlns="http://schemas.microsoft.com/developer/msbuild/2003">
  <ItemGroup>
    <ClCompile Include="Source.cpp" />
    <ClCompile Include="GameConfig.cpp" />
    <ClCompile Include="Renderer.cpp" />
    <ClCompile Include="DriverVk.cpp" />
    <ClCompile Include="DriverD3D12.cpp" />
    <ClCompile Include="RenderableMesh.cpp" />
    <ClCompile Include="Model.cpp" />
    <ClCompile Include="Font.cpp" />
    <ClCompile Include="RenderableVk.cpp" />
    <ClCompile Include="RenderableD3D12.cpp" />
    <ClCompile Include="RenderableSprite.cpp" />
    <ClCompile Include="Driver.cpp" />
    <ClCompile Include="ThreadPool.cpp" />
  </ItemGroup>
  <ItemGroup>
    <ClInclude Include="GameConfig.hpp" />
    <ClInclude Include="Renderer.hpp" />
    <ClInclude Include="DriverVk.hpp" />
    <ClInclude Include="DriverD3D12.hpp" />
    <ClInclude Include="RenderableMesh.hpp" />
    <ClInclude Include="Font.hpp" />
    <ClInclude Include="Model.hpp" />
    <ClInclude Include="PBRMaterial.hpp" />
    <ClInclude Include="Driver.hpp" />
    <ClInclude Include="Renderable.hpp" />
    <ClInclude Include="RenderableVk.hpp" />
    <ClInclude Include="RenderableD3D12.hpp" />
    <ClInclude Include="RenderableSprite.hpp" />
    <ClInclude Include="Scene.hpp" />
    <ClInclude Include="ThreadPool.hpp" />
  </ItemGroup>
</Project>