<?xml version="1.0" encoding="utf-8"?>
<Project ToolsVersion="4.0" xmlns="http://schemas.microsoft.com/developer/msbuild/2003">
  <ItemGroup>
    <ClCompile Include="Source.cpp" />
    <ClCompile Include="DriverVk.cpp" />
    <ClCompile Include="DriverD3D12.cpp" />
    <ClCompile Include="RenderableVk.cpp" />
    <ClCompile Include="RenderableD3D12.cpp" />
    <ClCompile Include="Driver.cpp" />
    <ClCompile Include="ThreadPool.cpp" />
    <ClCompile Include="System.cpp" />
    <ClCompile Include="EngineRenderer.cpp" />
    <ClCompile Include="Renderer.cpp" />
    <ClCompile Include="Config.cpp" />
  </ItemGroup>
  <ItemGroup>
    <ClInclude Include="DriverVk.hpp" />
    <ClInclude Include="DriverD3D12.hpp" />
    <ClInclude Include="Driver.hpp" />
    <ClInclude Include="Renderable.hpp" />
    <ClInclude Include="RenderableVk.hpp" />
    <ClInclude Include="RenderableD3D12.hpp" />
    <ClInclude Include="ThreadPool.hpp" />
    <ClInclude Include="System.hpp" />
    <ClInclude Include="EngineRenderer.hpp" />
    <ClInclude Include="Renderer.hpp" />
    <ClInclude Include="Config.hpp" />
  </ItemGroup>
</Project>